
Microsoft Visual Studio Solution File, Format Version 12.00
# Visual Studio Version 16
VisualStudioVersion = 16.0.31025.194
MinimumVisualStudioVersion = 10.0.40219.1
Project("{FAE04EC0-301F-11D3-BF4B-00C04F79EFBC}") = "WebApi", "WebApi\WebApi.csproj", "{312B1130-B3F8-4438-8D76-0A4D2A72C95A}"
EndProject
Project("{FAE04EC0-301F-11D3-BF4B-00C04F79EFBC}") = "DAL", "DAL\DAL.csproj", "{FD9036E6-00AF-4C07-817B-1D5C127C7957}"
EndProject
Project("{FAE04EC0-301F-11D3-BF4B-00C04F79EFBC}") = "DTO", "DTO\DTO.csproj", "{E6023BD2-C34F-4F3B-A668-FA183987FB4D}"
EndProject
Project("{FAE04EC0-301F-11D3-BF4B-00C04F79EFBC}") = "BLL", "BLL\BLL.csproj", "{0E2C0187-8AF1-42FB-A215-D6F024681545}"
EndProject
Global
	GlobalSection(SolutionConfigurationPlatforms) = preSolution
		Debug|Any CPU = Debug|Any CPU
		Release|Any CPU = Release|Any CPU
	EndGlobalSection
	GlobalSection(ProjectConfigurationPlatforms) = postSolution
		{312B1130-B3F8-4438-8D76-0A4D2A72C95A}.Debug|Any CPU.ActiveCfg = Debug|Any CPU
		{312B1130-B3F8-4438-8D76-0A4D2A72C95A}.Debug|Any CPU.Build.0 = Debug|Any CPU
		{312B1130-B3F8-4438-8D76-0A4D2A72C95A}.Release|Any CPU.ActiveCfg = Release|Any CPU
		{312B1130-B3F8-4438-8D76-0A4D2A72C95A}.Release|Any CPU.Build.0 = Release|Any CPU
		{FD9036E6-00AF-4C07-817B-1D5C127C7957}.Debug|Any CPU.ActiveCfg = Debug|Any CPU
		{FD9036E6-00AF-4C07-817B-1D5C127C7957}.Debug|Any CPU.Build.0 = Debug|Any CPU
		{FD9036E6-00AF-4C07-817B-1D5C127C7957}.Release|Any CPU.ActiveCfg = Release|Any CPU
		{FD9036E6-00AF-4C07-817B-1D5C127C7957}.Release|Any CPU.Build.0 = Release|Any CPU
		{E6023BD2-C34F-4F3B-A668-FA183987FB4D}.Debug|Any CPU.ActiveCfg = Debug|Any CPU
		{E6023BD2-C34F-4F3B-A668-FA183987FB4D}.Debug|Any CPU.Build.0 = Debug|Any CPU
		{E6023BD2-C34F-4F3B-A668-FA183987FB4D}.Release|Any CPU.ActiveCfg = Release|Any CPU
		{E6023BD2-C34F-4F3B-A668-FA183987FB4D}.Release|Any CPU.Build.0 = Release|Any CPU
		{0E2C0187-8AF1-42FB-A215-D6F024681545}.Debug|Any CPU.ActiveCfg = Debug|Any CPU
		{0E2C0187-8AF1-42FB-A215-D6F024681545}.Debug|Any CPU.Build.0 = Debug|Any CPU
		{0E2C0187-8AF1-42FB-A215-D6F024681545}.Release|Any CPU.ActiveCfg = Release|Any CPU
		{0E2C0187-8AF1-42FB-A215-D6F024681545}.Release|Any CPU.Build.0 = Release|Any CPU
	EndGlobalSection
	GlobalSection(SolutionProperties) = preSolution
		HideSolutionNode = FALSE
	EndGlobalSection
	GlobalSection(ExtensibilityGlobals) = postSolution
		SolutionGuid = {690CE90D-7E7B-46BB-814E-76D05CEDB7E9}
	EndGlobalSection
EndGlobal
